Microsoft Visual Studio Solution File, Format Version 12.00
# Visual Studio Version 17
VisualStudioVersion = 17.5.2.0
MinimumVisualStudioVersion = 10.0.40219.1
Project("{FAE04EC0-301F-11D3-BF4B-00C04F79EFBC}") = "ASP_deneme", "ASP_deneme.csproj", "{8DFC884E-128C-F8FA-925F-A02694C99980}"
EndProject
Global
	GlobalSection(SolutionConfigurationPlatforms) = preSolution
		Debug|Any CPU = Debug|Any CPU
		Release|Any CPU = Release|Any CPU
	EndGlobalSection
	GlobalSection(ProjectConfigurationPlatforms) = postSolution
		{8DFC884E-128C-F8FA-925F-A02694C99980}.Debug|Any CPU.ActiveCfg = Debug|Any CPU
		{8DFC884E-128C-F8FA-925F-A02694C99980}.Debug|Any CPU.Build.0 = Debug|Any CPU
		{8DFC884E-128C-F8FA-925F-A02694C99980}.Release|Any CPU.ActiveCfg = Release|Any CPU
		{8DFC884E-128C-F8FA-925F-A02694C99980}.Release|Any CPU.Build.0 = Release|Any CPU
	EndGlobalSection
	GlobalSection(SolutionProperties) = preSolution
		HideSolutionNode = FALSE
	EndGlobalSection
	GlobalSection(ExtensibilityGlobals) = postSolution
		SolutionGuid = {8949F3CA-13AE-4B3B-82CD-86E3F6005390}
	EndGlobalSection
EndGlobal
